{
  "version": 4,
  "terraform_version": "0.12.24",
  "serial": 27,
  "lineage": "57d63e7b-3182-a4a9-b202-e3ae8d8d5044",
  "outputs": {
    "VPCID": {
      "value": "vpc-00ae9a1bb06997647",
      "type": "string"
    }
  },
  "resources": [
    {
      "mode": "managed",
      "type": "aws_vpc",
      "name": "myfirsttfvpc",
      "provider": "provider.aws",
      "instances": [
        {
          "schema_version": 1,
          "attributes": {
            "arn": "arn:aws:ec2:us-east-2:674408652160:vpc/vpc-00ae9a1bb06997647",
            "assign_generated_ipv6_cidr_block": false,
            "cidr_block": "192.168.0.0/24",
            "default_network_acl_id": "acl-07c26718538fd0025",
            "default_route_table_id": "rtb-041d3103f48c1e429",
            "default_security_group_id": "sg-0dcc6eb0d4ad064e7",
            "dhcp_options_id": "dopt-0b01b660d2c971a78",
            "enable_classiclink": null,
            "enable_classiclink_dns_support": null,
            "enable_dns_hostnames": false,
            "enable_dns_support": true,
            "id": "vpc-00ae9a1bb06997647",
            "instance_tenancy": "default",
            "ipv6_association_id": "",
            "ipv6_cidr_block": "",
            "main_route_table_id": "rtb-041d3103f48c1e429",
            "owner_id": "674408652160",
            "tags": {
              "name": "MyTerraformVPC"
            }
          },
          "private": "eyJzY2hlbWFfdmVyc2lvbiI6IjEifQ=="
        }
      ]
    }
  ]
}
