{
  "version": 4,
  "terraform_version": "0.12.24",
  "serial": 6,
  "lineage": "95fd6e63-658d-58fa-edd2-1ff540cf7876",
  "outputs": {},
  "resources": [
    {
      "mode": "managed",
      "type": "aws_iam_user",
      "name": "mainuser",
      "provider": "provider.aws",
      "instances": [
        {
          "schema_version": 0,
          "attributes": {
            "arn": "arn:aws:iam::674408652160:user/mainuser",
            "force_destroy": false,
            "id": "mainuser",
            "name": "mainuser",
            "path": "/",
            "permissions_boundary": null,
            "tags": null,
            "unique_id": "AIDAZ2BPDLWAEBGQL6FZK"
          },
          "private": "bnVsbA=="
        }
      ]
    },
    {
      "module": "module.ec2module",
      "mode": "managed",
      "type": "aws_instance",
      "name": "module_instance",
      "provider": "provider.aws",
      "instances": [
        {
          "schema_version": 1,
          "attributes": {
            "ami": "ami-0f7919c33c90f5b58",
            "arn": "arn:aws:ec2:us-east-2:674408652160:instance/i-09d46293cc2732ecd",
            "associate_public_ip_address": true,
            "availability_zone": "us-east-2c",
            "cpu_core_count": 1,
            "cpu_threads_per_core": 1,
            "credit_specification": [
              {
                "cpu_credits": "standard"
              }
            ],
            "disable_api_termination": false,
            "ebs_block_device": [],
            "ebs_optimized": false,
            "ephemeral_block_device": [],
            "get_password_data": false,
            "hibernation": false,
            "host_id": null,
            "iam_instance_profile": "",
            "id": "i-09d46293cc2732ecd",
            "instance_initiated_shutdown_behavior": null,
            "instance_state": "running",
            "instance_type": "t2.micro",
            "ipv6_address_count": 0,
            "ipv6_addresses": [],
            "key_name": "",
            "metadata_options": [
              {
                "http_endpoint": "enabled",
                "http_put_response_hop_limit": 1,
                "http_tokens": "optional"
              }
            ],
            "monitoring": false,
            "network_interface": [],
            "network_interface_id": null,
            "outpost_arn": "",
            "password_data": "",
            "placement_group": "",
            "primary_network_interface_id": "eni-0ff6dc5c1a18694a0",
            "private_dns": "ip-172-31-37-18.us-east-2.compute.internal",
            "private_ip": "172.31.37.18",
            "public_dns": "ec2-3-20-238-144.us-east-2.compute.amazonaws.com",
            "public_ip": "3.20.238.144",
            "root_block_device": [
              {
                "delete_on_termination": true,
                "device_name": "/dev/xvda",
                "encrypted": false,
                "iops": 100,
                "kms_key_id": "",
                "volume_id": "vol-0188580b6a3e77110",
                "volume_size": 8,
                "volume_type": "gp2"
              }
            ],
            "security_groups": [
              "default"
            ],
            "source_dest_check": true,
            "subnet_id": "subnet-0f56a83c8d905e5b7",
            "tags": {
              "Name": "My Terraform Module"
            },
            "tenancy": "default",
            "timeouts": null,
            "user_data": null,
            "user_data_base64": null,
            "volume_tags": {},
            "vpc_security_group_ids": [
              "sg-0fb1582aa3e7ae4bf"
            ]
          },
          "private": "eyJlMmJmYjczMC1lY2FhLTExZTYtOGY4OC0zNDM2M2JjN2M0YzAiOnsiY3JlYXRlIjo2MDAwMDAwMDAwMDAsImRlbGV0ZSI6MTIwMDAwMDAwMDAwMCwidXBkYXRlIjo2MDAwMDAwMDAwMDB9LCJzY2hlbWFfdmVyc2lvbiI6IjEifQ=="
        }
      ]
    }
  ]
}
