{
  "version": 4,
  "terraform_version": "0.12.24",
  "serial": 12,
  "lineage": "e6afaf08-5888-9c58-f2ca-8eebecc74975",
  "outputs": {},
  "resources": [
    {
      "mode": "managed",
      "type": "aws_iam_policy",
      "name": "aws_policy",
      "provider": "provider.aws",
      "instances": [
        {
          "schema_version": 0,
          "attributes": {
            "arn": "arn:aws:iam::674408652160:policy/superuserpolicy",
            "description": "",
            "id": "arn:aws:iam::674408652160:policy/superuserpolicy",
            "name": "superuserpolicy",
            "name_prefix": null,
            "path": "/",
            "policy": "{\n    \"Version\": \"2012-10-17\",\n    \"Statement\": [\n        {\n            \"Effect\": \"Allow\",\n            \"Action\": \"*\",\n            \"Resource\": \"*\"\n        }\n    ]\n}\n"
          },
          "private": "bnVsbA=="
        }
      ]
    },
    {
      "mode": "managed",
      "type": "aws_iam_policy_attachment",
      "name": "policybind",
      "provider": "provider.aws",
      "instances": [
        {
          "schema_version": 0,
          "attributes": {
            "groups": null,
            "id": "superpriviledge",
            "name": "superpriviledge",
            "policy_arn": "arn:aws:iam::674408652160:policy/superuserpolicy",
            "roles": null,
            "users": [
              "SuperUser"
            ]
          },
          "private": "bnVsbA==",
          "dependencies": [
            "aws_iam_policy.aws_policy",
            "aws_iam_user.iamuser"
          ]
        }
      ]
    },
    {
      "mode": "managed",
      "type": "aws_iam_user",
      "name": "iamuser",
      "provider": "provider.aws",
      "instances": [
        {
          "schema_version": 0,
          "attributes": {
            "arn": "arn:aws:iam::674408652160:user/SuperUser",
            "force_destroy": false,
            "id": "SuperUser",
            "name": "SuperUser",
            "path": "/",
            "permissions_boundary": null,
            "tags": null,
            "unique_id": "AIDAZ2BPDLWAOJELPWKJA"
          },
          "private": "bnVsbA=="
        }
      ]
    }
  ]
}
